
Microsoft Visual Studio Solution File, Format Version 12.00
# Visual Studio Version 17
VisualStudioVersion = 17.6.33815.320
MinimumVisualStudioVersion = 10.0.40219.1
Project("{FAE04EC0-301F-11D3-BF4B-00C04F79EFBC}") = "Working hours(Курсовая)", "Working hours(Курсовая)\Working hours(Курсовая).csproj", "{A9DE9EC7-4F6C-4A57-95ED-C9706A3CD5AA}"
EndProject
Global
	GlobalSection(SolutionConfigurationPlatforms) = preSolution
		Debug|Any CPU = Debug|Any CPU
		Release|Any CPU = Release|Any CPU
	EndGlobalSection
	GlobalSection(ProjectConfigurationPlatforms) = postSolution
		{A9DE9EC7-4F6C-4A57-95ED-C9706A3CD5AA}.Debug|Any CPU.ActiveCfg = Debug|Any CPU
		{A9DE9EC7-4F6C-4A57-95ED-C9706A3CD5AA}.Debug|Any CPU.Build.0 = Debug|Any CPU
		{A9DE9EC7-4F6C-4A57-95ED-C9706A3CD5AA}.Release|Any CPU.ActiveCfg = Release|Any CPU
		{A9DE9EC7-4F6C-4A57-95ED-C9706A3CD5AA}.Release|Any CPU.Build.0 = Release|Any CPU
	EndGlobalSection
	GlobalSection(SolutionProperties) = preSolution
		HideSolutionNode = FALSE
	EndGlobalSection
	GlobalSection(ExtensibilityGlobals) = postSolution
		SolutionGuid = {A6872ADC-2247-4A85-8FE3-AA67C947B5F9}
	EndGlobalSection
EndGlobal
